// !$*UTF8*$!
{
	archiveVersion = 1;
	classes = {
	};
	objectVersion = 50;
	objects = {

/* Begin PBXBuildFile section */
		23F6D0F620DDDAAF00AAF016 /* AppDelegate.m in Sources */ = {isa = PBXBuildFile; fileRef = 23F6D0F520DDDAAF00AAF016 /* AppDelegate.m */; };
		23F6D0F920DDDAAF00AAF016 /* ViewController.m in Sources */ = {isa = PBXBuildFile; fileRef = 23F6D0F820DDDAAF00AAF016 /* ViewController.m */; };
		23F6D0FC20DDDAAF00AAF016 /* Main.storyboard in Resources */ = {isa = PBXBuildFile; fileRef = 23F6D0FA20DDDAAF00AAF016 /* Main.storyboard */; };
		23F6D0FE20DDDAB100AAF016 /* Assets.xcassets in Resources */ = {isa = PBXBuildFile; fileRef = 23F6D0FD20DDDAB100AAF016 /* Assets.xcassets */; };
		23F6D10120DDDAB100AAF016 /* LaunchScreen.storyboard in Resources */ = {isa = PBXBuildFile; fileRef = 23F6D0FF20DDDAB100AAF016 /* LaunchScreen.storyboard */; };
		23F6D10420DDDAB100AAF016 /* main.m in Sources */ = {isa = PBXBuildFile; fileRef = 23F6D10320DDDAB100AAF016 /* main.m */; };
		23F6D10D20DE8EB400AAF016 /* SecondViewController.m in Sources */ = {isa = PBXBuildFile; fileRef = 23F6D10B20DE8EB400AAF016 /* SecondViewController.m */; };
		23F6D10E20DE8EB400AAF016 /* SecondViewController.xib in Resources */ = {isa = PBXBuildFile; fileRef = 23F6D10C20DE8EB400AAF016 /* SecondViewController.xib */; };
/* End PBXBuildFile section */

/* Begin PBXFileReference section */
		23F6D0F120DDDAAF00AAF016 /* 180623XIB.app */ = {isa = PBXFileReference; explicitFileType = wrapper.application; includeInIndex = 0; path = 180623XIB.app; sourceTree = BUILT_PRODUCTS_DIR; };
		23F6D0F420DDDAAF00AAF016 /* AppDelegate.h */ = {isa = PBXFileReference; lastKnownFileType = sourcecode.c.h; path = AppDelegate.h; sourceTree = "<group>"; };
		23F6D0F520DDDAAF00AAF016 /* AppDelegate.m */ = {isa = PBXFileReference; lastKnownFileType = sourcecode.c.objc; path = AppDelegate.m; sourceTree = "<group>"; };
		23F6D0F720DDDAAF00AAF016 /* ViewController.h */ = {isa = PBXFileReference; lastKnownFileType = sourcecode.c.h; path = ViewController.h; sourceTree = "<group>"; };
		23F6D0F820DDDAAF00AAF016 /* ViewController.m */ = {isa = PBXFileReference; lastKnownFileType = sourcecode.c.objc; path = ViewController.m; sourceTree = "<group>"; };
		23F6D0FB20DDDAAF00AAF016 /* Base */ = {isa = PBXFileReference; lastKnownFileType = file.storyboard; name = Base; path = Base.lproj/Main.storyboard; sourceTree = "<group>"; };
		23F6D0FD20DDDAB100AAF016 /* Assets.xcassets */ = {isa = PBXFileReference; lastKnownFileType = folder.assetcatalog; path = Assets.xcassets; sourceTree = "<group>"; };
		23F6D10020DDDAB100AAF016 /* Base */ = {isa = PBXFileReference; lastKnownFileType = file.storyboard; name = Base; path = Base.lproj/LaunchScreen.storyboard; sourceTree = "<group>"; };
		23F6D10220DDDAB100AAF016 /* Info.plist */ = {isa = PBXFileReference; lastKnownFileType = text.plist.xml; path = Info.plist; sourceTree = "<group>"; };
		23F6D10320DDDAB100AAF016 /* main.m */ = {isa = PBXFileReference; lastKnownFileType = sourcecode.c.objc; path = main.m; sourceTree = "<group>"; };
		23F6D10A20DE8EB400AAF016 /* SecondViewController.h */ = {isa = PBXFileReference; lastKnownFileType = sourcecode.c.h; path = SecondViewController.h; sourceTree = "<group>"; };
		23F6D10B20DE8EB400AAF016 /* SecondViewController.m */ = {isa = PBXFileReference; lastKnownFileType = sourcecode.c.objc; path = SecondViewController.m; sourceTree = "<group>"; };
		23F6D10C20DE8EB400AAF016 /* SecondViewController.xib */ = {isa = PBXFileReference; lastKnownFileType = file.xib; path = SecondViewController.xib; sourceTree = "<group>"; };
/* End PBXFileReference section */

/* Begin PBXFrameworksBuildPhase section */
		23F6D0EE20DDDAAF00AAF016 /* Frameworks */ = {
			isa = PBXFrameworksBuildPhase;
			buildActionMask = 2147483647;
			files = (
			);
			runOnlyForDeploymentPostprocessing = 0;
		};
/* End PBXFrameworksBuildPhase section */

/* Begin PBXGroup section */
		23F6D0E820DDDAAF00AAF016 = {
			isa = PBXGroup;
			children = (
				23F6D0F320DDDAAF00AAF016 /* 180623XIB */,
				23F6D0F220DDDAAF00AAF016 /* Products */,
			);
			sourceTree = "<group>";
		};
		23F6D0F220DDDAAF00AAF016 /* Products */ = {
			isa = PBXGroup;
			children = (
				23F6D0F120DDDAAF00AAF016 /* 180623XIB.app */,
			);
			name = Products;
			sourceTree = "<group>";
		};
		23F6D0F320DDDAAF00AAF016 /* 180623XIB */ = {
			isa = PBXGroup;
			children = (
				23F6D0F420DDDAAF00AAF016 /* AppDelegate.h */,
				23F6D0F520DDDAAF00AAF016 /* AppDelegate.m */,
				23F6D0F720DDDAAF00AAF016 /* ViewController.h */,
				23F6D0F820DDDAAF00AAF016 /* ViewController.m */,
				23F6D0FA20DDDAAF00AAF016 /* Main.storyboard */,
				23F6D10C20DE8EB400AAF016 /* SecondViewController.xib */,
				23F6D10A20DE8EB400AAF016 /* SecondViewController.h */,
				23F6D10B20DE8EB400AAF016 /* SecondViewController.m */,
				23F6D0FD20DDDAB100AAF016 /* Assets.xcassets */,
				23F6D0FF20DDDAB100AAF016 /* LaunchScreen.storyboard */,
				23F6D10220DDDAB100AAF016 /* Info.plist */,
				23F6D10320DDDAB100AAF016 /* main.m */,
			);
			path = 180623XIB;
			sourceTree = "<group>";
		};
/* End PBXGroup section */

/* Begin PBXNativeTarget section */
		23F6D0F020DDDAAF00AAF016 /* 180623XIB */ = {
			isa = PBXNativeTarget;
			buildConfigurationList = 23F6D10720DDDAB100AAF016 /* Build configuration list for PBXNativeTarget "180623XIB" */;
			buildPhases = (
				23F6D0ED20DDDAAF00AAF016 /* Sources */,
				23F6D0EE20DDDAAF00AAF016 /* Frameworks */,
				23F6D0EF20DDDAAF00AAF016 /* Resources */,
			);
			buildRules = (
			);
			dependencies = (
			);
			name = 180623XIB;
			productName = 180623XIB;
			productReference = 23F6D0F120DDDAAF00AAF016 /* 180623XIB.app */;
			productType = "com.apple.product-type.application";
		};
/* End PBXNativeTarget section */

/* Begin PBXProject section */
		23F6D0E920DDDAAF00AAF016 /* Project object */ = {
			isa = PBXProject;
			attributes = {
				LastUpgradeCheck = 0940;
				ORGANIZATIONNAME = devtejay;
				TargetAttributes = {
					23F6D0F020DDDAAF00AAF016 = {
						CreatedOnToolsVersion = 9.4;
					};
				};
			};
			buildConfigurationList = 23F6D0EC20DDDAAF00AAF016 /* Build configuration list for PBXProject "180623XIB" */;
			compatibilityVersion = "Xcode 9.3";
			developmentRegion = en;
			hasScannedForEncodings = 0;
			knownRegions = (
				en,
				Base,
			);
			mainGroup = 23F6D0E820DDDAAF00AAF016;
			productRefGroup = 23F6D0F220DDDAAF00AAF016 /* Products */;
			projectDirPath = "";
			projectRoot = "";
			targets = (
				23F6D0F020DDDAAF00AAF016 /* 180623XIB */,
			);
		};
/* End PBXProject section */

/* Begin PBXResourcesBuildPhase section */
		23F6D0EF20DDDAAF00AAF016 /* Resources */ = {
			isa = PBXResourcesBuildPhase;
			buildActionMask = 2147483647;
			files = (
				23F6D10E20DE8EB400AAF016 /* SecondViewController.xib in Resources */,
				23F6D10120DDDAB100AAF016 /* LaunchScreen.storyboard in Resources */,
				23F6D0FE20DDDAB100AAF016 /* Assets.xcassets in Resources */,
				23F6D0FC20DDDAAF00AAF016 /* Main.storyboard in Resources */,
			);
			runOnlyForDeploymentPostprocessing = 0;
		};
/* End PBXResourcesBuildPhase section */

/* Begin PBXSourcesBuildPhase section */
		23F6D0ED20DDDAAF00AAF016 /* Sources */ = {
			isa = PBXSourcesBuildPhase;
			buildActionMask = 2147483647;
			files = (
				23F6D10D20DE8EB400AAF016 /* SecondViewController.m in Sources */,
				23F6D0F920DDDAAF00AAF016 /* ViewController.m in Sources */,
				23F6D10420DDDAB100AAF016 /* main.m in Sources */,
				23F6D0F620DDDAAF00AAF016 /* AppDelegate.m in Sources */,
			);
			runOnlyForDeploymentPostprocessing = 0;
		};
/* End PBXSourcesBuildPhase section */

/* Begin PBXVariantGroup section */
		23F6D0FA20DDDAAF00AAF016 /* Main.storyboard */ = {
			isa = PBXVariantGroup;
			children = (
				23F6D0FB20DDDAAF00AAF016 /* Base */,
			);
			name = Main.storyboard;
			sourceTree = "<group>";
		};
		23F6D0FF20DDDAB100AAF016 /* LaunchScreen.storyboard */ = {
			isa = PBXVariantGroup;
			children = (
				23F6D10020DDDAB100AAF016 /* Base */,
			);
			name = LaunchScreen.storyboard;
			sourceTree = "<group>";
		};
/* End PBXVariantGroup section */

/* Begin XCBuildConfiguration section */
		23F6D10520DDDAB100AAF016 /* Debug */ = {
			isa = XCBuildConfiguration;
			buildSettings = {
				ALWAYS_SEARCH_USER_PATHS = NO;
				CLANG_ANALYZER_NONNULL = YES;
				CLANG_ANALYZER_NUMBER_OBJECT_CONVERSION = YES_AGGRESSIVE;
				CLANG_CXX_LANGUAGE_STANDARD = "gnu++14";
				CLANG_CXX_LIBRARY = "libc++";
				CLANG_ENABLE_MODULES = YES;
				CLANG_ENABLE_OBJC_ARC = YES;
				CLANG_ENABLE_OBJC_WEAK = YES;
				CLANG_WARN_BLOCK_CAPTURE_AUTORELEASING = YES;
				CLANG_WARN_BOOL_CONVERSION = YES;
				CLANG_WARN_COMMA = YES;
				CLANG_WARN_CONSTANT_CONVERSION = YES;
				CLANG_WARN_DEPRECATED_OBJC_IMPLEMENTATIONS = YES;
				CLANG_WARN_DIRECT_OBJC_ISA_USAGE = YES_ERROR;
				CLANG_WARN_DOCUMENTATION_COMMENTS = YES;
				CLANG_WARN_EMPTY_BODY = YES;
				CLANG_WARN_ENUM_CONVERSION = YES;
				CLANG_WARN_INFINITE_RECURSION = YES;
				CLANG_WARN_INT_CONVERSION = YES;
				CLANG_WARN_NON_LITERAL_NULL_CONVERSION = YES;
				CLANG_WARN_OBJC_IMPLICIT_RETAIN_SELF = YES;
				CLANG_WARN_OBJC_LITERAL_CONVERSION = YES;
				CLANG_WARN_OBJC_ROOT_CLASS = YES_ERROR;
				CLANG_WARN_RANGE_LOOP_ANALYSIS = YES;
				CLANG_WARN_STRICT_PROTOTYPES = YES;
				CLANG_WARN_SUSPICIOUS_MOVE = YES;
				CLANG_WARN_UNGUARDED_AVAILABILITY = YES_AGGRESSIVE;
				CLANG_WARN_UNREACHABLE_CODE = YES;
				CLANG_WARN__DUPLICATE_METHOD_MATCH = YES;
				CODE_SIGN_IDENTITY = "iPhone Developer";
				COPY_PHASE_STRIP = NO;
				DEBUG_INFORMATION_FORMAT = dwarf;
				ENABLE_STRICT_OBJC_MSGSEND = YES;
				ENABLE_TESTABILITY = YES;
				GCC_C_LANGUAGE_STANDARD = gnu11;
				GCC_DYNAMIC_NO_PIC = NO;
				GCC_NO_COMMON_BLOCKS = YES;
				GCC_OPTIMIZATION_LEVEL = 0;
				GCC_PREPROCESSOR_DEFINITIONS = (
					"DEBUG=1",
					"$(inherited)",
				);
				GCC_WARN_64_TO_32_BIT_CONVERSION = YES;
				GCC_WARN_ABOUT_RETURN_TYPE = YES_ERROR;
				GCC_WARN_UNDECLARED_SELECTOR = YES;
				GCC_WARN_UNINITIALIZED_AUTOS = YES_AGGRESSIVE;
				GCC_WARN_UNUSED_FUNCTION = YES;
				GCC_WARN_UNUSED_VARIABLE = YES;
				IPHONEOS_DEPLOYMENT_TARGET = 11.4;
				MTL_ENABLE_DEBUG_INFO = YES;
				ONLY_ACTIVE_ARCH = YES;
				SDKROOT = iphoneos;
			};
			name = Debug;
		};
		23F6D10620DDDAB100AAF016 /* Release */ = {
			isa = XCBuildConfiguration;
			buildSettings = {
				ALWAYS_SEARCH_USER_PATHS = NO;
				CLANG_ANALYZER_NONNULL = YES;
				CLANG_ANALYZER_NUMBER_OBJECT_CONVERSION = YES_AGGRESSIVE;
				CLANG_CXX_LANGUAGE_STANDARD = "gnu++14";
				CLANG_CXX_LIBRARY = "libc++";
				CLANG_ENABLE_MODULES = YES;
				CLANG_ENABLE_OBJC_ARC = YES;
				CLANG_ENABLE_OBJC_WEAK = YES;
				CLANG_WARN_BLOCK_CAPTURE_AUTORELEASING = YES;
				CLANG_WARN_BOOL_CONVERSION = YES;
				CLANG_WARN_COMMA = YES;
				CLANG_WARN_CONSTANT_CONVERSION = YES;
				CLANG_WARN_DEPRECATED_OBJC_IMPLEMENTATIONS = YES;
				CLANG_WARN_DIRECT_OBJC_ISA_USAGE = YES_ERROR;
				CLANG_WARN_DOCUMENTATION_COMMENTS = YES;
				CLANG_WARN_EMPTY_BODY = YES;
				CLANG_WARN_ENUM_CONVERSION = YES;
				CLANG_WARN_INFINITE_RECURSION = YES;
				CLANG_WARN_INT_CONVERSION = YES;
				CLANG_WARN_NON_LITERAL_NULL_CONVERSION = YES;
				CLANG_WARN_OBJC_IMPLICIT_RETAIN_SELF = YES;
				CLANG_WARN_OBJC_LITERAL_CONVERSION = YES;
				CLANG_WARN_OBJC_ROOT_CLASS = YES_ERROR;
				CLANG_WARN_RANGE_LOOP_ANALYSIS = YES;
				CLANG_WARN_STRICT_PROTOTYPES = YES;
				CLANG_WARN_SUSPICIOUS_MOVE = YES;
				CLANG_WARN_UNGUARDED_AVAILABILITY = YES_AGGRESSIVE;
				CLANG_WARN_UNREACHABLE_CODE = YES;
				CLANG_WARN__DUPLICATE_METHOD_MATCH = YES;
				CODE_SIGN_IDENTITY = "iPhone Developer";
				COPY_PHASE_STRIP = NO;
				DEBUG_INFORMATION_FORMAT = "dwarf-with-dsym";
				ENABLE_NS_ASSERTIONS = NO;
				ENABLE_STRICT_OBJC_MSGSEND = YES;
				GCC_C_LANGUAGE_STANDARD = gnu11;
				GCC_NO_COMMON_BLOCKS = YES;
				GCC_WARN_64_TO_32_BIT_CONVERSION = YES;
				GCC_WARN_ABOUT_RETURN_TYPE = YES_ERROR;
				GCC_WARN_UNDECLARED_SELECTOR = YES;
				GCC_WARN_UNINITIALIZED_AUTOS = YES_AGGRESSIVE;
				GCC_WARN_UNUSED_FUNCTION = YES;
				GCC_WARN_UNUSED_VARIABLE = YES;
				IPHONEOS_DEPLOYMENT_TARGET = 11.4;
				MTL_ENABLE_DEBUG_INFO = NO;
				SDKROOT = iphoneos;
				VALIDATE_PRODUCT = YES;
			};
			name = Release;
		};
		23F6D10820DDDAB100AAF016 /* Debug */ = {
			isa = XCBuildConfiguration;
			buildSettings = {
				ASSETCATALOG_COMPILER_APPICON_NAME = AppIcon;
				CODE_SIGN_STYLE = Automatic;
				DEVELOPMENT_TEAM = 3UGB7ZX43H;
				INFOPLIST_FILE = 180623XIB/Info.plist;
				LD_RUNPATH_SEARCH_PATHS = (
					"$(inherited)",
					"@executable_path/Frameworks",
				);
				PRODUCT_BUNDLE_IDENTIFIER = "com.devtejay.-80623XIB";
				PRODUCT_NAME = "$(TARGET_NAME)";
				TARGETED_DEVICE_FAMILY = "1,2";
			};
			name = Debug;
		};
		23F6D10920DDDAB100AAF016 /* Release */ = {
			isa = XCBuildConfiguration;
			buildSettings = {
				ASSETCATALOG_COMPILER_APPICON_NAME = AppIcon;
				CODE_SIGN_STYLE = Automatic;
				DEVELOPMENT_TEAM = 3UGB7ZX43H;
				INFOPLIST_FILE = 180623XIB/Info.plist;
				LD_RUNPATH_SEARCH_PATHS = (
					"$(inherited)",
					"@executable_path/Frameworks",
				);
				PRODUCT_BUNDLE_IDENTIFIER = "com.devtejay.-80623XIB";
				PRODUCT_NAME = "$(TARGET_NAME)";
				TARGETED_DEVICE_FAMILY = "1,2";
			};
			name = Release;
		};
/* End XCBuildConfiguration section */

/* Begin XCConfigurationList section */
		23F6D0EC20DDDAAF00AAF016 /* Build configuration list for PBXProject "180623XIB" */ = {
			isa = XCConfigurationList;
			buildConfigurations = (
				23F6D10520DDDAB100AAF016 /* Debug */,
				23F6D10620DDDAB100AAF016 /* Release */,
			);
			defaultConfigurationIsVisible = 0;
			defaultConfigurationName = Release;
		};
		23F6D10720DDDAB100AAF016 /* Build configuration list for PBXNativeTarget "180623XIB" */ = {
			isa = XCConfigurationList;
			buildConfigurations = (
				23F6D10820DDDAB100AAF016 /* Debug */,
				23F6D10920DDDAB100AAF016 /* Release */,
			);
			defaultConfigurationIsVisible = 0;
			defaultConfigurationName = Release;
		};
/* End XCConfigurationList section */
	};
	rootObject = 23F6D0E920DDDAAF00AAF016 /* Project object */;
}
